
Microsoft Visual Studio Solution File, Format Version 12.00
# Visual Studio Version 17
VisualStudioVersion = 17.14.36429.23
MinimumVisualStudioVersion = 10.0.40219.1
Project("{2150E333-8FDC-42A3-9474-1A3956D46DE8}") = "Task0", "Task0", "{02EA681E-C7D8-13C7-8484-4AC65E1B71E8}"
EndProject
Project("{FAE04EC0-301F-11D3-BF4B-00C04F79EFBC}") = "Tyuiu.ZaicevYaA.Sprint6.Task0.V6", "Tyuiu.ZaicevYaA.Sprint6.Task0.V6\Tyuiu.ZaicevYaA.Sprint6.Task0.V6.csproj", "{233F3541-D5F3-4B9A-8F2F-EDDB97A1F94F}"
EndProject
Project("{FAE04EC0-301F-11D3-BF4B-00C04F79EFBC}") = "Tyuiu.ZaicevYaA.Sprint6.Task0.V6.Lib", "Tyuiu.ZaicevYaA.Sprint6.Task0.V6.Lib\Tyuiu.ZaicevYaA.Sprint6.Task0.V6.Lib.csproj", "{AB2F169A-FC09-46CF-BF40-8E330DDFCC14}"
EndProject
Project("{FAE04EC0-301F-11D3-BF4B-00C04F79EFBC}") = "Tyuiu.ZaicevYaA.Sprint6.Task0.V6.Test", "Tyuiu.ZaicevYaA.Sprint6.Task0.V6.Test\Tyuiu.ZaicevYaA.Sprint6.Task0.V6.Test.csproj", "{59129E3B-6B23-4741-9591-6C71AFA51442}"
EndProject
Project("{2150E333-8FDC-42A3-9474-1A3956D46DE8}") = "Task1", "Task1", "{8DBA0CE6-70AB-4239-B0C2-53EF62684792}"
EndProject
Project("{FAE04EC0-301F-11D3-BF4B-00C04F79EFBC}") = "Tyuiu.ZaicevYaA.Sprint6.Task1.V30", "Tyuiu.ZaicevYaA.Sprint6.Task1.V30\Tyuiu.ZaicevYaA.Sprint6.Task1.V30.csproj", "{3F3EE9B5-533C-47BE-BEC4-02D360D9CEE6}"
EndProject
Project("{FAE04EC0-301F-11D3-BF4B-00C04F79EFBC}") = "Tyuiu.ZaicevYaA.Sprint6.Task1.V30.Lib", "Tyuiu.ZaicevYaA.Sprint6.Task1.V30.Lib\Tyuiu.ZaicevYaA.Sprint6.Task1.V30.Lib.csproj", "{BC7C210F-3873-4763-B2D0-CC84C1A199D1}"
EndProject
Project("{FAE04EC0-301F-11D3-BF4B-00C04F79EFBC}") = "Tyuiu.ZaicevYaA.Sprint6.Task1.V30.Test", "Tyuiu.ZaicevYaA.Sprint6.Task1.V30.Test\Tyuiu.ZaicevYaA.Sprint6.Task1.V30.Test.csproj", "{5C6A7331-470F-4952-B94F-EA0D944E01FD}"
EndProject
Project("{2150E333-8FDC-42A3-9474-1A3956D46DE8}") = "Task2", "Task2", "{D34B6D99-6A17-4000-A545-A4659CCEB18D}"
EndProject
Project("{FAE04EC0-301F-11D3-BF4B-00C04F79EFBC}") = "Tyuiu.ZaicevYaA.Sprint6.Task2.V15", "Tyuiu.ZaicevYaA.Sprint6.Task2.V15\Tyuiu.ZaicevYaA.Sprint6.Task2.V15.csproj", "{E3763650-1007-4650-8157-8657853D0FFC}"
EndProject
Project("{FAE04EC0-301F-11D3-BF4B-00C04F79EFBC}") = "Tyuiu.ZaicevYaA.Sprint6.Task2.V15.Lib", "Tyuiu.ZaicevYaA.Sprint6.Task2.V15.Lib\Tyuiu.ZaicevYaA.Sprint6.Task2.V15.Lib.csproj", "{1C3E7413-3643-41F5-B934-116234EA3B1E}"
EndProject
Project("{FAE04EC0-301F-11D3-BF4B-00C04F79EFBC}") = "Tyuiu.ZaicevYaA.Sprint6.Task2.V15.Test", "Tyuiu.ZaicevYaA.Sprint6.Task2.V15.Test\Tyuiu.ZaicevYaA.Sprint6.Task2.V15.Test.csproj", "{AEEAEBE7-3579-48B4-9EF9-150C889520FC}"
EndProject
Project("{2150E333-8FDC-42A3-9474-1A3956D46DE8}") = "Task3", "Task3", "{9B3D11F8-C6BC-4A18-9C9E-10925A8820D9}"
EndProject
Project("{FAE04EC0-301F-11D3-BF4B-00C04F79EFBC}") = "Tyuiu.ZaicevYaA.Sprint6.Task3.V16", "Tyuiu.ZaicevYaA.Sprint6.Task3.V16\Tyuiu.ZaicevYaA.Sprint6.Task3.V16.csproj", "{0F61F036-159A-4FEF-855D-DF384B6D0EB5}"
EndProject
Project("{FAE04EC0-301F-11D3-BF4B-00C04F79EFBC}") = "Tyuiu.ZaicevYaA.Sprint6.Task3.V16.Lib", "Tyuiu.ZaicevYaA.Sprint6.Task3.V16.Lib\Tyuiu.ZaicevYaA.Sprint6.Task3.V16.Lib.csproj", "{02A90130-3050-4F9A-A7DC-57CAA9BC496C}"
EndProject
Project("{FAE04EC0-301F-11D3-BF4B-00C04F79EFBC}") = "Tyuiu.ZaicevYaA.Sprint6.Task3.V16.Test", "Tyuiu.ZaicevYaA.Sprint6.Task3.V16.Test\Tyuiu.ZaicevYaA.Sprint6.Task3.V16.Test.csproj", "{F9057A1B-D1B8-40E8-AC36-908925E82CE5}"
EndProject
Global
	GlobalSection(SolutionConfigurationPlatforms) = preSolution
		Debug|Any CPU = Debug|Any CPU
		Release|Any CPU = Release|Any CPU
	EndGlobalSection
	GlobalSection(ProjectConfigurationPlatforms) = postSolution
		{233F3541-D5F3-4B9A-8F2F-EDDB97A1F94F}.Debug|Any CPU.ActiveCfg = Debug|Any CPU
		{233F3541-D5F3-4B9A-8F2F-EDDB97A1F94F}.Debug|Any CPU.Build.0 = Debug|Any CPU
		{233F3541-D5F3-4B9A-8F2F-EDDB97A1F94F}.Release|Any CPU.ActiveCfg = Release|Any CPU
		{233F3541-D5F3-4B9A-8F2F-EDDB97A1F94F}.Release|Any CPU.Build.0 = Release|Any CPU
		{AB2F169A-FC09-46CF-BF40-8E330DDFCC14}.Debug|Any CPU.ActiveCfg = Debug|Any CPU
		{AB2F169A-FC09-46CF-BF40-8E330DDFCC14}.Debug|Any CPU.Build.0 = Debug|Any CPU
		{AB2F169A-FC09-46CF-BF40-8E330DDFCC14}.Release|Any CPU.ActiveCfg = Release|Any CPU
		{AB2F169A-FC09-46CF-BF40-8E330DDFCC14}.Release|Any CPU.Build.0 = Release|Any CPU
		{59129E3B-6B23-4741-9591-6C71AFA51442}.Debug|Any CPU.ActiveCfg = Debug|Any CPU
		{59129E3B-6B23-4741-9591-6C71AFA51442}.Debug|Any CPU.Build.0 = Debug|Any CPU
		{59129E3B-6B23-4741-9591-6C71AFA51442}.Release|Any CPU.ActiveCfg = Release|Any CPU
		{59129E3B-6B23-4741-9591-6C71AFA51442}.Release|Any CPU.Build.0 = Release|Any CPU
		{3F3EE9B5-533C-47BE-BEC4-02D360D9CEE6}.Debug|Any CPU.ActiveCfg = Debug|Any CPU
		{3F3EE9B5-533C-47BE-BEC4-02D360D9CEE6}.Debug|Any CPU.Build.0 = Debug|Any CPU
		{3F3EE9B5-533C-47BE-BEC4-02D360D9CEE6}.Release|Any CPU.ActiveCfg = Release|Any CPU
		{3F3EE9B5-533C-47BE-BEC4-02D360D9CEE6}.Release|Any CPU.Build.0 = Release|Any CPU
		{BC7C210F-3873-4763-B2D0-CC84C1A199D1}.Debug|Any CPU.ActiveCfg = Debug|Any CPU
		{BC7C210F-3873-4763-B2D0-CC84C1A199D1}.Debug|Any CPU.Build.0 = Debug|Any CPU
		{BC7C210F-3873-4763-B2D0-CC84C1A199D1}.Release|Any CPU.ActiveCfg = Release|Any CPU
		{BC7C210F-3873-4763-B2D0-CC84C1A199D1}.Release|Any CPU.Build.0 = Release|Any CPU
		{5C6A7331-470F-4952-B94F-EA0D944E01FD}.Debug|Any CPU.ActiveCfg = Debug|Any CPU
		{5C6A7331-470F-4952-B94F-EA0D944E01FD}.Debug|Any CPU.Build.0 = Debug|Any CPU
		{5C6A7331-470F-4952-B94F-EA0D944E01FD}.Release|Any CPU.ActiveCfg = Release|Any CPU
		{5C6A7331-470F-4952-B94F-EA0D944E01FD}.Release|Any CPU.Build.0 = Release|Any CPU
		{E3763650-1007-4650-8157-8657853D0FFC}.Debug|Any CPU.ActiveCfg = Debug|Any CPU
		{E3763650-1007-4650-8157-8657853D0FFC}.Debug|Any CPU.Build.0 = Debug|Any CPU
		{E3763650-1007-4650-8157-8657853D0FFC}.Release|Any CPU.ActiveCfg = Release|Any CPU
		{E3763650-1007-4650-8157-8657853D0FFC}.Release|Any CPU.Build.0 = Release|Any CPU
		{1C3E7413-3643-41F5-B934-116234EA3B1E}.Debug|Any CPU.ActiveCfg = Debug|Any CPU
		{1C3E7413-3643-41F5-B934-116234EA3B1E}.Debug|Any CPU.Build.0 = Debug|Any CPU
		{1C3E7413-3643-41F5-B934-116234EA3B1E}.Release|Any CPU.ActiveCfg = Release|Any CPU
		{1C3E7413-3643-41F5-B934-116234EA3B1E}.Release|Any CPU.Build.0 = Release|Any CPU
		{AEEAEBE7-3579-48B4-9EF9-150C889520FC}.Debug|Any CPU.ActiveCfg = Debug|Any CPU
		{AEEAEBE7-3579-48B4-9EF9-150C889520FC}.Debug|Any CPU.Build.0 = Debug|Any CPU
		{AEEAEBE7-3579-48B4-9EF9-150C889520FC}.Release|Any CPU.ActiveCfg = Release|Any CPU
		{AEEAEBE7-3579-48B4-9EF9-150C889520FC}.Release|Any CPU.Build.0 = Release|Any CPU
		{0F61F036-159A-4FEF-855D-DF384B6D0EB5}.Debug|Any CPU.ActiveCfg = Debug|Any CPU
		{0F61F036-159A-4FEF-855D-DF384B6D0EB5}.Debug|Any CPU.Build.0 = Debug|Any CPU
		{0F61F036-159A-4FEF-855D-DF384B6D0EB5}.Release|Any CPU.ActiveCfg = Release|Any CPU
		{0F61F036-159A-4FEF-855D-DF384B6D0EB5}.Release|Any CPU.Build.0 = Release|Any CPU
		{02A90130-3050-4F9A-A7DC-57CAA9BC496C}.Debug|Any CPU.ActiveCfg = Debug|Any CPU
		{02A90130-3050-4F9A-A7DC-57CAA9BC496C}.Debug|Any CPU.Build.0 = Debug|Any CPU
		{02A90130-3050-4F9A-A7DC-57CAA9BC496C}.Release|Any CPU.ActiveCfg = Release|Any CPU
		{02A90130-3050-4F9A-A7DC-57CAA9BC496C}.Release|Any CPU.Build.0 = Release|Any CPU
		{F9057A1B-D1B8-40E8-AC36-908925E82CE5}.Debug|Any CPU.ActiveCfg = Debug|Any CPU
		{F9057A1B-D1B8-40E8-AC36-908925E82CE5}.Debug|Any CPU.Build.0 = Debug|Any CPU
		{F9057A1B-D1B8-40E8-AC36-908925E82CE5}.Release|Any CPU.ActiveCfg = Release|Any CPU
		{F9057A1B-D1B8-40E8-AC36-908925E82CE5}.Release|Any CPU.Build.0 = Release|Any CPU
	EndGlobalSection
	GlobalSection(SolutionProperties) = preSolution
		HideSolutionNode = FALSE
	EndGlobalSection
	GlobalSection(NestedProjects) = preSolution
		{233F3541-D5F3-4B9A-8F2F-EDDB97A1F94F} = {02EA681E-C7D8-13C7-8484-4AC65E1B71E8}
		{AB2F169A-FC09-46CF-BF40-8E330DDFCC14} = {02EA681E-C7D8-13C7-8484-4AC65E1B71E8}
		{59129E3B-6B23-4741-9591-6C71AFA51442} = {02EA681E-C7D8-13C7-8484-4AC65E1B71E8}
		{3F3EE9B5-533C-47BE-BEC4-02D360D9CEE6} = {8DBA0CE6-70AB-4239-B0C2-53EF62684792}
		{BC7C210F-3873-4763-B2D0-CC84C1A199D1} = {8DBA0CE6-70AB-4239-B0C2-53EF62684792}
		{5C6A7331-470F-4952-B94F-EA0D944E01FD} = {8DBA0CE6-70AB-4239-B0C2-53EF62684792}
		{E3763650-1007-4650-8157-8657853D0FFC} = {D34B6D99-6A17-4000-A545-A4659CCEB18D}
		{1C3E7413-3643-41F5-B934-116234EA3B1E} = {D34B6D99-6A17-4000-A545-A4659CCEB18D}
		{AEEAEBE7-3579-48B4-9EF9-150C889520FC} = {D34B6D99-6A17-4000-A545-A4659CCEB18D}
		{0F61F036-159A-4FEF-855D-DF384B6D0EB5} = {9B3D11F8-C6BC-4A18-9C9E-10925A8820D9}
		{02A90130-3050-4F9A-A7DC-57CAA9BC496C} = {9B3D11F8-C6BC-4A18-9C9E-10925A8820D9}
		{F9057A1B-D1B8-40E8-AC36-908925E82CE5} = {9B3D11F8-C6BC-4A18-9C9E-10925A8820D9}
	EndGlobalSection
	GlobalSection(ExtensibilityGlobals) = postSolution
		SolutionGuid = {7A2F1BDB-9B85-4A3C-9ACC-82BB5E8FDC27}
	EndGlobalSection
EndGlobal
